
Microsoft Visual Studio Solution File, Format Version 12.00
# Visual Studio 15
VisualStudioVersion = 15.0.27428.2043
MinimumVisualStudioVersion = 10.0.40219.1
Project("{FAE04EC0-301F-11D3-BF4B-00C04F79EFBC}") = "SteganographyJr.Android", "SteganographyJr\SteganographyJr.Android\SteganographyJr.Android.csproj", "{B299D139-5567-489B-8310-1EA8616738F4}"
EndProject
Project("{FAE04EC0-301F-11D3-BF4B-00C04F79EFBC}") = "SteganographyJr.iOS", "SteganographyJr\SteganographyJr.iOS\SteganographyJr.iOS.csproj", "{2407D8AF-BB8D-455F-BD39-AF6B7E31B274}"
EndProject
Project("{FAE04EC0-301F-11D3-BF4B-00C04F79EFBC}") = "SteganographyJr.UWP", "SteganographyJr\SteganographyJr.UWP\SteganographyJr.UWP.csproj", "{782FEBA8-D0D3-4E45-8754-FF088949BB0A}"
EndProject
Project("{9A19103F-16F7-4668-BE54-9A1E7A4F7556}") = "SteganographyJr.Forms", "SteganographyJr\SteganographyJr.Forms\SteganographyJr.Forms.csproj", "{8AB55DF1-F7BA-44C7-857B-ECA3F32DF379}"
EndProject
Project("{9A19103F-16F7-4668-BE54-9A1E7A4F7556}") = "SteganographyJr.Core", "SteganographyJr\SteganographyJr.Core\SteganographyJr.Core.csproj", "{5FCE8557-C6CD-41EE-8E0D-EBDFB42EB7A4}"
EndProject
Project("{FAE04EC0-301F-11D3-BF4B-00C04F79EFBC}") = "SteganographyJr.Steganography", "SteganographyJr\SteganographyJr.Steganography\SteganographyJr.Steganography.csproj", "{D27750D2-8334-4C57-A9FC-214325EF4D29}"
EndProject
Global
	GlobalSection(SolutionConfigurationPlatforms) = preSolution
		Ad-Hoc|Any CPU = Ad-Hoc|Any CPU
		Ad-Hoc|ARM = Ad-Hoc|ARM
		Ad-Hoc|iPhone = Ad-Hoc|iPhone
		Ad-Hoc|iPhoneSimulator = Ad-Hoc|iPhoneSimulator
		Ad-Hoc|x64 = Ad-Hoc|x64
		Ad-Hoc|x86 = Ad-Hoc|x86
		AppStore|Any CPU = AppStore|Any CPU
		AppStore|ARM = AppStore|ARM
		AppStore|iPhone = AppStore|iPhone
		AppStore|iPhoneSimulator = AppStore|iPhoneSimulator
		AppStore|x64 = AppStore|x64
		AppStore|x86 = AppStore|x86
		Debug|Any CPU = Debug|Any CPU
		Debug|ARM = Debug|ARM
		Debug|iPhone = Debug|iPhone
		Debug|iPhoneSimulator = Debug|iPhoneSimulator
		Debug|x64 = Debug|x64
		Debug|x86 = Debug|x86
		Release|Any CPU = Release|Any CPU
		Release|ARM = Release|ARM
		Release|iPhone = Release|iPhone
		Release|iPhoneSimulator = Release|iPhoneSimulator
		Release|x64 = Release|x64
		Release|x86 = Release|x86
	EndGlobalSection
	GlobalSection(ProjectConfigurationPlatforms) = postSolution
		{B299D139-5567-489B-8310-1EA8616738F4}.Ad-Hoc|Any CPU.ActiveCfg = Release|Any CPU
		{B299D139-5567-489B-8310-1EA8616738F4}.Ad-Hoc|Any CPU.Build.0 = Release|Any CPU
		{B299D139-5567-489B-8310-1EA8616738F4}.Ad-Hoc|Any CPU.Deploy.0 = Release|Any CPU
		{B299D139-5567-489B-8310-1EA8616738F4}.Ad-Hoc|ARM.ActiveCfg = Release|Any CPU
		{B299D139-5567-489B-8310-1EA8616738F4}.Ad-Hoc|ARM.Build.0 = Release|Any CPU
		{B299D139-5567-489B-8310-1EA8616738F4}.Ad-Hoc|ARM.Deploy.0 = Release|Any CPU
		{B299D139-5567-489B-8310-1EA8616738F4}.Ad-Hoc|iPhone.ActiveCfg = Release|Any CPU
		{B299D139-5567-489B-8310-1EA8616738F4}.Ad-Hoc|iPhone.Build.0 = Release|Any CPU
		{B299D139-5567-489B-8310-1EA8616738F4}.Ad-Hoc|iPhone.Deploy.0 = Release|Any CPU
		{B299D139-5567-489B-8310-1EA8616738F4}.Ad-Hoc|iPhoneSimulator.ActiveCfg = Release|Any CPU
		{B299D139-5567-489B-8310-1EA8616738F4}.Ad-Hoc|iPhoneSimulator.Build.0 = Release|Any CPU
		{B299D139-5567-489B-8310-1EA8616738F4}.Ad-Hoc|iPhoneSimulator.Deploy.0 = Release|Any CPU
		{B299D139-5567-489B-8310-1EA8616738F4}.Ad-Hoc|x64.ActiveCfg = Release|Any CPU
		{B299D139-5567-489B-8310-1EA8616738F4}.Ad-Hoc|x64.Build.0 = Release|Any CPU
		{B299D139-5567-489B-8310-1EA8616738F4}.Ad-Hoc|x64.Deploy.0 = Release|Any CPU
		{B299D139-5567-489B-8310-1EA8616738F4}.Ad-Hoc|x86.ActiveCfg = Release|Any CPU
		{B299D139-5567-489B-8310-1EA8616738F4}.Ad-Hoc|x86.Build.0 = Release|Any CPU
		{B299D139-5567-489B-8310-1EA8616738F4}.Ad-Hoc|x86.Deploy.0 = Release|Any CPU
		{B299D139-5567-489B-8310-1EA8616738F4}.AppStore|Any CPU.ActiveCfg = Release|Any CPU
		{B299D139-5567-489B-8310-1EA8616738F4}.AppStore|Any CPU.Build.0 = Release|Any CPU
		{B299D139-5567-489B-8310-1EA8616738F4}.AppStore|Any CPU.Deploy.0 = Release|Any CPU
		{B299D139-5567-489B-8310-1EA8616738F4}.AppStore|ARM.ActiveCfg = Release|Any CPU
		{B299D139-5567-489B-8310-1EA8616738F4}.AppStore|ARM.Build.0 = Release|Any CPU
		{B299D139-5567-489B-8310-1EA8616738F4}.AppStore|ARM.Deploy.0 = Release|Any CPU
		{B299D139-5567-489B-8310-1EA8616738F4}.AppStore|iPhone.ActiveCfg = Release|Any CPU
		{B299D139-5567-489B-8310-1EA8616738F4}.AppStore|iPhone.Build.0 = Release|Any CPU
		{B299D139-5567-489B-8310-1EA8616738F4}.AppStore|iPhone.Deploy.0 = Release|Any CPU
		{B299D139-5567-489B-8310-1EA8616738F4}.AppStore|iPhoneSimulator.ActiveCfg = Release|Any CPU
		{B299D139-5567-489B-8310-1EA8616738F4}.AppStore|iPhoneSimulator.Build.0 = Release|Any CPU
		{B299D139-5567-489B-8310-1EA8616738F4}.AppStore|iPhoneSimulator.Deploy.0 = Release|Any CPU
		{B299D139-5567-489B-8310-1EA8616738F4}.AppStore|x64.ActiveCfg = Release|Any CPU
		{B299D139-5567-489B-8310-1EA8616738F4}.AppStore|x64.Build.0 = Release|Any CPU
		{B299D139-5567-489B-8310-1EA8616738F4}.AppStore|x64.Deploy.0 = Release|Any CPU
		{B299D139-5567-489B-8310-1EA8616738F4}.AppStore|x86.ActiveCfg = Release|Any CPU
		{B299D139-5567-489B-8310-1EA8616738F4}.AppStore|x86.Build.0 = Release|Any CPU
		{B299D139-5567-489B-8310-1EA8616738F4}.AppStore|x86.Deploy.0 = Release|Any CPU
		{B299D139-5567-489B-8310-1EA8616738F4}.Debug|Any CPU.ActiveCfg = Debug|Any CPU
		{B299D139-5567-489B-8310-1EA8616738F4}.Debug|Any CPU.Build.0 = Debug|Any CPU
		{B299D139-5567-489B-8310-1EA8616738F4}.Debug|Any CPU.Deploy.0 = Debug|Any CPU
		{B299D139-5567-489B-8310-1EA8616738F4}.Debug|ARM.ActiveCfg = Debug|Any CPU
		{B299D139-5567-489B-8310-1EA8616738F4}.Debug|ARM.Build.0 = Debug|Any CPU
		{B299D139-5567-489B-8310-1EA8616738F4}.Debug|ARM.Deploy.0 = Debug|Any CPU
		{B299D139-5567-489B-8310-1EA8616738F4}.Debug|iPhone.ActiveCfg = Debug|Any CPU
		{B299D139-5567-489B-8310-1EA8616738F4}.Debug|iPhone.Build.0 = Debug|Any CPU
		{B299D139-5567-489B-8310-1EA8616738F4}.Debug|iPhone.Deploy.0 = Debug|Any CPU
		{B299D139-5567-489B-8310-1EA8616738F4}.Debug|iPhoneSimulator.ActiveCfg = Debug|Any CPU
		{B299D139-5567-489B-8310-1EA8616738F4}.Debug|iPhoneSimulator.Build.0 = Debug|Any CPU
		{B299D139-5567-489B-8310-1EA8616738F4}.Debug|iPhoneSimulator.Deploy.0 = Debug|Any CPU
		{B299D139-5567-489B-8310-1EA8616738F4}.Debug|x64.ActiveCfg = Debug|Any CPU
		{B299D139-5567-489B-8310-1EA8616738F4}.Debug|x64.Build.0 = Debug|Any CPU
		{B299D139-5567-489B-8310-1EA8616738F4}.Debug|x64.Deploy.0 = Debug|Any CPU
		{B299D139-5567-489B-8310-1EA8616738F4}.Debug|x86.ActiveCfg = Debug|Any CPU
		{B299D139-5567-489B-8310-1EA8616738F4}.Debug|x86.Build.0 = Debug|Any CPU
		{B299D139-5567-489B-8310-1EA8616738F4}.Debug|x86.Deploy.0 = Debug|Any CPU
		{B299D139-5567-489B-8310-1EA8616738F4}.Release|Any CPU.ActiveCfg = Release|Any CPU
		{B299D139-5567-489B-8310-1EA8616738F4}.Release|Any CPU.Build.0 = Release|Any CPU
		{B299D139-5567-489B-8310-1EA8616738F4}.Release|Any CPU.Deploy.0 = Release|Any CPU
		{B299D139-5567-489B-8310-1EA8616738F4}.Release|ARM.ActiveCfg = Release|Any CPU
		{B299D139-5567-489B-8310-1EA8616738F4}.Release|ARM.Build.0 = Release|Any CPU
		{B299D139-5567-489B-8310-1EA8616738F4}.Release|ARM.Deploy.0 = Release|Any CPU
		{B299D139-5567-489B-8310-1EA8616738F4}.Release|iPhone.ActiveCfg = Release|Any CPU
		{B299D139-5567-489B-8310-1EA8616738F4}.Release|iPhone.Build.0 = Release|Any CPU
		{B299D139-5567-489B-8310-1EA8616738F4}.Release|iPhone.Deploy.0 = Release|Any CPU
		{B299D139-5567-489B-8310-1EA8616738F4}.Release|iPhoneSimulator.ActiveCfg = Release|Any CPU
		{B299D139-5567-489B-8310-1EA8616738F4}.Release|iPhoneSimulator.Build.0 = Release|Any CPU
		{B299D139-5567-489B-8310-1EA8616738F4}.Release|iPhoneSimulator.Deploy.0 = Release|Any CPU
		{B299D139-5567-489B-8310-1EA8616738F4}.Release|x64.ActiveCfg = Release|Any CPU
		{B299D139-5567-489B-8310-1EA8616738F4}.Release|x64.Build.0 = Release|Any CPU
		{B299D139-5567-489B-8310-1EA8616738F4}.Release|x64.Deploy.0 = Release|Any CPU
		{B299D139-5567-489B-8310-1EA8616738F4}.Release|x86.ActiveCfg = Release|Any CPU
		{B299D139-5567-489B-8310-1EA8616738F4}.Release|x86.Build.0 = Release|Any CPU
		{B299D139-5567-489B-8310-1EA8616738F4}.Release|x86.Deploy.0 = Release|Any CPU
		{2407D8AF-BB8D-455F-BD39-AF6B7E31B274}.Ad-Hoc|Any CPU.ActiveCfg = Ad-Hoc|iPhone
		{2407D8AF-BB8D-455F-BD39-AF6B7E31B274}.Ad-Hoc|ARM.ActiveCfg = Ad-Hoc|iPhone
		{2407D8AF-BB8D-455F-BD39-AF6B7E31B274}.Ad-Hoc|iPhone.ActiveCfg = Ad-Hoc|iPhone
		{2407D8AF-BB8D-455F-BD39-AF6B7E31B274}.Ad-Hoc|iPhone.Build.0 = Ad-Hoc|iPhone
		{2407D8AF-BB8D-455F-BD39-AF6B7E31B274}.Ad-Hoc|iPhoneSimulator.ActiveCfg = Ad-Hoc|iPhoneSimulator
		{2407D8AF-BB8D-455F-BD39-AF6B7E31B274}.Ad-Hoc|iPhoneSimulator.Build.0 = Ad-Hoc|iPhoneSimulator
		{2407D8AF-BB8D-455F-BD39-AF6B7E31B274}.Ad-Hoc|x64.ActiveCfg = Ad-Hoc|iPhone
		{2407D8AF-BB8D-455F-BD39-AF6B7E31B274}.Ad-Hoc|x86.ActiveCfg = Ad-Hoc|iPhone
		{2407D8AF-BB8D-455F-BD39-AF6B7E31B274}.AppStore|Any CPU.ActiveCfg = AppStore|iPhone
		{2407D8AF-BB8D-455F-BD39-AF6B7E31B274}.AppStore|ARM.ActiveCfg = AppStore|iPhone
		{2407D8AF-BB8D-455F-BD39-AF6B7E31B274}.AppStore|iPhone.ActiveCfg = AppStore|iPhone
		{2407D8AF-BB8D-455F-BD39-AF6B7E31B274}.AppStore|iPhone.Build.0 = AppStore|iPhone
		{2407D8AF-BB8D-455F-BD39-AF6B7E31B274}.AppStore|iPhoneSimulator.ActiveCfg = AppStore|iPhoneSimulator
		{2407D8AF-BB8D-455F-BD39-AF6B7E31B274}.AppStore|iPhoneSimulator.Build.0 = AppStore|iPhoneSimulator
		{2407D8AF-BB8D-455F-BD39-AF6B7E31B274}.AppStore|x64.ActiveCfg = AppStore|iPhone
		{2407D8AF-BB8D-455F-BD39-AF6B7E31B274}.AppStore|x86.ActiveCfg = AppStore|iPhone
		{2407D8AF-BB8D-455F-BD39-AF6B7E31B274}.Debug|Any CPU.ActiveCfg = Debug|iPhone
		{2407D8AF-BB8D-455F-BD39-AF6B7E31B274}.Debug|ARM.ActiveCfg = Debug|iPhone
		{2407D8AF-BB8D-455F-BD39-AF6B7E31B274}.Debug|iPhone.ActiveCfg = Debug|iPhone
		{2407D8AF-BB8D-455F-BD39-AF6B7E31B274}.Debug|iPhone.Build.0 = Debug|iPhone
		{2407D8AF-BB8D-455F-BD39-AF6B7E31B274}.Debug|iPhoneSimulator.ActiveCfg = Debug|iPhoneSimulator
		{2407D8AF-BB8D-455F-BD39-AF6B7E31B274}.Debug|iPhoneSimulator.Build.0 = Debug|iPhoneSimulator
		{2407D8AF-BB8D-455F-BD39-AF6B7E31B274}.Debug|x64.ActiveCfg = Debug|iPhone
		{2407D8AF-BB8D-455F-BD39-AF6B7E31B274}.Debug|x86.ActiveCfg = Debug|iPhone
		{2407D8AF-BB8D-455F-BD39-AF6B7E31B274}.Release|Any CPU.ActiveCfg = Release|iPhone
		{2407D8AF-BB8D-455F-BD39-AF6B7E31B274}.Release|ARM.ActiveCfg = Release|iPhone
		{2407D8AF-BB8D-455F-BD39-AF6B7E31B274}.Release|iPhone.ActiveCfg = Release|iPhone
		{2407D8AF-BB8D-455F-BD39-AF6B7E31B274}.Release|iPhone.Build.0 = Release|iPhone
		{2407D8AF-BB8D-455F-BD39-AF6B7E31B274}.Release|iPhoneSimulator.ActiveCfg = Release|iPhoneSimulator
		{2407D8AF-BB8D-455F-BD39-AF6B7E31B274}.Release|iPhoneSimulator.Build.0 = Release|iPhoneSimulator
		{2407D8AF-BB8D-455F-BD39-AF6B7E31B274}.Release|x64.ActiveCfg = Release|iPhone
		{2407D8AF-BB8D-455F-BD39-AF6B7E31B274}.Release|x86.ActiveCfg = Release|iPhone
		{782FEBA8-D0D3-4E45-8754-FF088949BB0A}.Ad-Hoc|Any CPU.ActiveCfg = Release|x86
		{782FEBA8-D0D3-4E45-8754-FF088949BB0A}.Ad-Hoc|Any CPU.Build.0 = Release|x86
		{782FEBA8-D0D3-4E45-8754-FF088949BB0A}.Ad-Hoc|Any CPU.Deploy.0 = Release|x86
		{782FEBA8-D0D3-4E45-8754-FF088949BB0A}.Ad-Hoc|ARM.ActiveCfg = Release|ARM
		{782FEBA8-D0D3-4E45-8754-FF088949BB0A}.Ad-Hoc|ARM.Build.0 = Release|ARM
		{782FEBA8-D0D3-4E45-8754-FF088949BB0A}.Ad-Hoc|ARM.Deploy.0 = Release|ARM
		{782FEBA8-D0D3-4E45-8754-FF088949BB0A}.Ad-Hoc|iPhone.ActiveCfg = Release|x86
		{782FEBA8-D0D3-4E45-8754-FF088949BB0A}.Ad-Hoc|iPhone.Build.0 = Release|x86
		{782FEBA8-D0D3-4E45-8754-FF088949BB0A}.Ad-Hoc|iPhone.Deploy.0 = Release|x86
		{782FEBA8-D0D3-4E45-8754-FF088949BB0A}.Ad-Hoc|iPhoneSimulator.ActiveCfg = Release|x86
		{782FEBA8-D0D3-4E45-8754-FF088949BB0A}.Ad-Hoc|iPhoneSimulator.Build.0 = Release|x86
		{782FEBA8-D0D3-4E45-8754-FF088949BB0A}.Ad-Hoc|iPhoneSimulator.Deploy.0 = Release|x86
		{782FEBA8-D0D3-4E45-8754-FF088949BB0A}.Ad-Hoc|x64.ActiveCfg = Release|x64
		{782FEBA8-D0D3-4E45-8754-FF088949BB0A}.Ad-Hoc|x64.Build.0 = Release|x64
		{782FEBA8-D0D3-4E45-8754-FF088949BB0A}.Ad-Hoc|x64.Deploy.0 = Release|x64
		{782FEBA8-D0D3-4E45-8754-FF088949BB0A}.Ad-Hoc|x86.ActiveCfg = Release|x86
		{782FEBA8-D0D3-4E45-8754-FF088949BB0A}.Ad-Hoc|x86.Build.0 = Release|x86
		{782FEBA8-D0D3-4E45-8754-FF088949BB0A}.Ad-Hoc|x86.Deploy.0 = Release|x86
		{782FEBA8-D0D3-4E45-8754-FF088949BB0A}.AppStore|Any CPU.ActiveCfg = Release|x86
		{782FEBA8-D0D3-4E45-8754-FF088949BB0A}.AppStore|Any CPU.Build.0 = Release|x86
		{782FEBA8-D0D3-4E45-8754-FF088949BB0A}.AppStore|Any CPU.Deploy.0 = Release|x86
		{782FEBA8-D0D3-4E45-8754-FF088949BB0A}.AppStore|ARM.ActiveCfg = Release|ARM
		{782FEBA8-D0D3-4E45-8754-FF088949BB0A}.AppStore|ARM.Build.0 = Release|ARM
		{782FEBA8-D0D3-4E45-8754-FF088949BB0A}.AppStore|ARM.Deploy.0 = Release|ARM
		{782FEBA8-D0D3-4E45-8754-FF088949BB0A}.AppStore|iPhone.ActiveCfg = Release|x86
		{782FEBA8-D0D3-4E45-8754-FF088949BB0A}.AppStore|iPhone.Build.0 = Release|x86
		{782FEBA8-D0D3-4E45-8754-FF088949BB0A}.AppStore|iPhone.Deploy.0 = Release|x86
		{782FEBA8-D0D3-4E45-8754-FF088949BB0A}.AppStore|iPhoneSimulator.ActiveCfg = Release|x86
		{782FEBA8-D0D3-4E45-8754-FF088949BB0A}.AppStore|iPhoneSimulator.Build.0 = Release|x86
		{782FEBA8-D0D3-4E45-8754-FF088949BB0A}.AppStore|iPhoneSimulator.Deploy.0 = Release|x86
		{782FEBA8-D0D3-4E45-8754-FF088949BB0A}.AppStore|x64.ActiveCfg = Release|x64
		{782FEBA8-D0D3-4E45-8754-FF088949BB0A}.AppStore|x64.Build.0 = Release|x64
		{782FEBA8-D0D3-4E45-8754-FF088949BB0A}.AppStore|x64.Deploy.0 = Release|x64
		{782FEBA8-D0D3-4E45-8754-FF088949BB0A}.AppStore|x86.ActiveCfg = Release|x86
		{782FEBA8-D0D3-4E45-8754-FF088949BB0A}.AppStore|x86.Build.0 = Release|x86
		{782FEBA8-D0D3-4E45-8754-FF088949BB0A}.AppStore|x86.Deploy.0 = Release|x86
		{782FEBA8-D0D3-4E45-8754-FF088949BB0A}.Debug|Any CPU.ActiveCfg = Debug|x86
		{782FEBA8-D0D3-4E45-8754-FF088949BB0A}.Debug|ARM.ActiveCfg = Debug|ARM
		{782FEBA8-D0D3-4E45-8754-FF088949BB0A}.Debug|ARM.Build.0 = Debug|ARM
		{782FEBA8-D0D3-4E45-8754-FF088949BB0A}.Debug|ARM.Deploy.0 = Debug|ARM
		{782FEBA8-D0D3-4E45-8754-FF088949BB0A}.Debug|iPhone.ActiveCfg = Debug|x86
		{782FEBA8-D0D3-4E45-8754-FF088949BB0A}.Debug|iPhoneSimulator.ActiveCfg = Debug|x86
		{782FEBA8-D0D3-4E45-8754-FF088949BB0A}.Debug|x64.ActiveCfg = Debug|x64
		{782FEBA8-D0D3-4E45-8754-FF088949BB0A}.Debug|x64.Build.0 = Debug|x64
		{782FEBA8-D0D3-4E45-8754-FF088949BB0A}.Debug|x64.Deploy.0 = Debug|x64
		{782FEBA8-D0D3-4E45-8754-FF088949BB0A}.Debug|x86.ActiveCfg = Debug|x86
		{782FEBA8-D0D3-4E45-8754-FF088949BB0A}.Debug|x86.Build.0 = Debug|x86
		{782FEBA8-D0D3-4E45-8754-FF088949BB0A}.Debug|x86.Deploy.0 = Debug|x86
		{782FEBA8-D0D3-4E45-8754-FF088949BB0A}.Release|Any CPU.ActiveCfg = Release|x86
		{782FEBA8-D0D3-4E45-8754-FF088949BB0A}.Release|ARM.ActiveCfg = Release|ARM
		{782FEBA8-D0D3-4E45-8754-FF088949BB0A}.Release|ARM.Build.0 = Release|ARM
		{782FEBA8-D0D3-4E45-8754-FF088949BB0A}.Release|ARM.Deploy.0 = Release|ARM
		{782FEBA8-D0D3-4E45-8754-FF088949BB0A}.Release|iPhone.ActiveCfg = Release|x86
		{782FEBA8-D0D3-4E45-8754-FF088949BB0A}.Release|iPhoneSimulator.ActiveCfg = Release|x86
		{782FEBA8-D0D3-4E45-8754-FF088949BB0A}.Release|x64.ActiveCfg = Release|x64
		{782FEBA8-D0D3-4E45-8754-FF088949BB0A}.Release|x64.Build.0 = Release|x64
		{782FEBA8-D0D3-4E45-8754-FF088949BB0A}.Release|x64.Deploy.0 = Release|x64
		{782FEBA8-D0D3-4E45-8754-FF088949BB0A}.Release|x86.ActiveCfg = Release|x86
		{782FEBA8-D0D3-4E45-8754-FF088949BB0A}.Release|x86.Build.0 = Release|x86
		{782FEBA8-D0D3-4E45-8754-FF088949BB0A}.Release|x86.Deploy.0 = Release|x86
		{8AB55DF1-F7BA-44C7-857B-ECA3F32DF379}.Ad-Hoc|Any CPU.ActiveCfg = Debug|Any CPU
		{8AB55DF1-F7BA-44C7-857B-ECA3F32DF379}.Ad-Hoc|Any CPU.Build.0 = Debug|Any CPU
		{8AB55DF1-F7BA-44C7-857B-ECA3F32DF379}.Ad-Hoc|ARM.ActiveCfg = Debug|Any CPU
		{8AB55DF1-F7BA-44C7-857B-ECA3F32DF379}.Ad-Hoc|ARM.Build.0 = Debug|Any CPU
		{8AB55DF1-F7BA-44C7-857B-ECA3F32DF379}.Ad-Hoc|iPhone.ActiveCfg = Debug|Any CPU
		{8AB55DF1-F7BA-44C7-857B-ECA3F32DF379}.Ad-Hoc|iPhone.Build.0 = Debug|Any CPU
		{8AB55DF1-F7BA-44C7-857B-ECA3F32DF379}.Ad-Hoc|iPhoneSimulator.ActiveCfg = Debug|Any CPU
		{8AB55DF1-F7BA-44C7-857B-ECA3F32DF379}.Ad-Hoc|iPhoneSimulator.Build.0 = Debug|Any CPU
		{8AB55DF1-F7BA-44C7-857B-ECA3F32DF379}.Ad-Hoc|x64.ActiveCfg = Debug|Any CPU
		{8AB55DF1-F7BA-44C7-857B-ECA3F32DF379}.Ad-Hoc|x64.Build.0 = Debug|Any CPU
		{8AB55DF1-F7BA-44C7-857B-ECA3F32DF379}.Ad-Hoc|x86.ActiveCfg = Debug|Any CPU
		{8AB55DF1-F7BA-44C7-857B-ECA3F32DF379}.Ad-Hoc|x86.Build.0 = Debug|Any CPU
		{8AB55DF1-F7BA-44C7-857B-ECA3F32DF379}.AppStore|Any CPU.ActiveCfg = Debug|Any CPU
		{8AB55DF1-F7BA-44C7-857B-ECA3F32DF379}.AppStore|Any CPU.Build.0 = Debug|Any CPU
		{8AB55DF1-F7BA-44C7-857B-ECA3F32DF379}.AppStore|ARM.ActiveCfg = Debug|Any CPU
		{8AB55DF1-F7BA-44C7-857B-ECA3F32DF379}.AppStore|ARM.Build.0 = Debug|Any CPU
		{8AB55DF1-F7BA-44C7-857B-ECA3F32DF379}.AppStore|iPhone.ActiveCfg = Debug|Any CPU
		{8AB55DF1-F7BA-44C7-857B-ECA3F32DF379}.AppStore|iPhone.Build.0 = Debug|Any CPU
		{8AB55DF1-F7BA-44C7-857B-ECA3F32DF379}.AppStore|iPhoneSimulator.ActiveCfg = Debug|Any CPU
		{8AB55DF1-F7BA-44C7-857B-ECA3F32DF379}.AppStore|iPhoneSimulator.Build.0 = Debug|Any CPU
		{8AB55DF1-F7BA-44C7-857B-ECA3F32DF379}.AppStore|x64.ActiveCfg = Debug|Any CPU
		{8AB55DF1-F7BA-44C7-857B-ECA3F32DF379}.AppStore|x64.Build.0 = Debug|Any CPU
		{8AB55DF1-F7BA-44C7-857B-ECA3F32DF379}.AppStore|x86.ActiveCfg = Debug|Any CPU
		{8AB55DF1-F7BA-44C7-857B-ECA3F32DF379}.AppStore|x86.Build.0 = Debug|Any CPU
		{8AB55DF1-F7BA-44C7-857B-ECA3F32DF379}.Debug|Any CPU.ActiveCfg = Debug|Any CPU
		{8AB55DF1-F7BA-44C7-857B-ECA3F32DF379}.Debug|Any CPU.Build.0 = Debug|Any CPU
		{8AB55DF1-F7BA-44C7-857B-ECA3F32DF379}.Debug|ARM.ActiveCfg = Debug|Any CPU
		{8AB55DF1-F7BA-44C7-857B-ECA3F32DF379}.Debug|ARM.Build.0 = Debug|Any CPU
		{8AB55DF1-F7BA-44C7-857B-ECA3F32DF379}.Debug|iPhone.ActiveCfg = Debug|Any CPU
		{8AB55DF1-F7BA-44C7-857B-ECA3F32DF379}.Debug|iPhone.Build.0 = Debug|Any CPU
		{8AB55DF1-F7BA-44C7-857B-ECA3F32DF379}.Debug|iPhoneSimulator.ActiveCfg = Debug|Any CPU
		{8AB55DF1-F7BA-44C7-857B-ECA3F32DF379}.Debug|iPhoneSimulator.Build.0 = Debug|Any CPU
		{8AB55DF1-F7BA-44C7-857B-ECA3F32DF379}.Debug|x64.ActiveCfg = Debug|Any CPU
		{8AB55DF1-F7BA-44C7-857B-ECA3F32DF379}.Debug|x64.Build.0 = Debug|Any CPU
		{8AB55DF1-F7BA-44C7-857B-ECA3F32DF379}.Debug|x86.ActiveCfg = Debug|Any CPU
		{8AB55DF1-F7BA-44C7-857B-ECA3F32DF379}.Debug|x86.Build.0 = Debug|Any CPU
		{8AB55DF1-F7BA-44C7-857B-ECA3F32DF379}.Release|Any CPU.ActiveCfg = Release|Any CPU
		{8AB55DF1-F7BA-44C7-857B-ECA3F32DF379}.Release|Any CPU.Build.0 = Release|Any CPU
		{8AB55DF1-F7BA-44C7-857B-ECA3F32DF379}.Release|ARM.ActiveCfg = Release|Any CPU
		{8AB55DF1-F7BA-44C7-857B-ECA3F32DF379}.Release|ARM.Build.0 = Release|Any CPU
		{8AB55DF1-F7BA-44C7-857B-ECA3F32DF379}.Release|iPhone.ActiveCfg = Release|Any CPU
		{8AB55DF1-F7BA-44C7-857B-ECA3F32DF379}.Release|iPhone.Build.0 = Release|Any CPU
		{8AB55DF1-F7BA-44C7-857B-ECA3F32DF379}.Release|iPhoneSimulator.ActiveCfg = Release|Any CPU
		{8AB55DF1-F7BA-44C7-857B-ECA3F32DF379}.Release|iPhoneSimulator.Build.0 = Release|Any CPU
		{8AB55DF1-F7BA-44C7-857B-ECA3F32DF379}.Release|x64.ActiveCfg = Release|Any CPU
		{8AB55DF1-F7BA-44C7-857B-ECA3F32DF379}.Release|x64.Build.0 = Release|Any CPU
		{8AB55DF1-F7BA-44C7-857B-ECA3F32DF379}.Release|x86.ActiveCfg = Release|Any CPU
		{8AB55DF1-F7BA-44C7-857B-ECA3F32DF379}.Release|x86.Build.0 = Release|Any CPU
		{5FCE8557-C6CD-41EE-8E0D-EBDFB42EB7A4}.Ad-Hoc|Any CPU.ActiveCfg = Debug|Any CPU
		{5FCE8557-C6CD-41EE-8E0D-EBDFB42EB7A4}.Ad-Hoc|Any CPU.Build.0 = Debug|Any CPU
		{5FCE8557-C6CD-41EE-8E0D-EBDFB42EB7A4}.Ad-Hoc|ARM.ActiveCfg = Debug|Any CPU
		{5FCE8557-C6CD-41EE-8E0D-EBDFB42EB7A4}.Ad-Hoc|ARM.Build.0 = Debug|Any CPU
		{5FCE8557-C6CD-41EE-8E0D-EBDFB42EB7A4}.Ad-Hoc|iPhone.ActiveCfg = Debug|Any CPU
		{5FCE8557-C6CD-41EE-8E0D-EBDFB42EB7A4}.Ad-Hoc|iPhone.Build.0 = Debug|Any CPU
		{5FCE8557-C6CD-41EE-8E0D-EBDFB42EB7A4}.Ad-Hoc|iPhoneSimulator.ActiveCfg = Debug|Any CPU
		{5FCE8557-C6CD-41EE-8E0D-EBDFB42EB7A4}.Ad-Hoc|iPhoneSimulator.Build.0 = Debug|Any CPU
		{5FCE8557-C6CD-41EE-8E0D-EBDFB42EB7A4}.Ad-Hoc|x64.ActiveCfg = Debug|Any CPU
		{5FCE8557-C6CD-41EE-8E0D-EBDFB42EB7A4}.Ad-Hoc|x64.Build.0 = Debug|Any CPU
		{5FCE8557-C6CD-41EE-8E0D-EBDFB42EB7A4}.Ad-Hoc|x86.ActiveCfg = Debug|Any CPU
		{5FCE8557-C6CD-41EE-8E0D-EBDFB42EB7A4}.Ad-Hoc|x86.Build.0 = Debug|Any CPU
		{5FCE8557-C6CD-41EE-8E0D-EBDFB42EB7A4}.AppStore|Any CPU.ActiveCfg = Debug|Any CPU
		{5FCE8557-C6CD-41EE-8E0D-EBDFB42EB7A4}.AppStore|Any CPU.Build.0 = Debug|Any CPU
		{5FCE8557-C6CD-41EE-8E0D-EBDFB42EB7A4}.AppStore|ARM.ActiveCfg = Debug|Any CPU
		{5FCE8557-C6CD-41EE-8E0D-EBDFB42EB7A4}.AppStore|ARM.Build.0 = Debug|Any CPU
		{5FCE8557-C6CD-41EE-8E0D-EBDFB42EB7A4}.AppStore|iPhone.ActiveCfg = Debug|Any CPU
		{5FCE8557-C6CD-41EE-8E0D-EBDFB42EB7A4}.AppStore|iPhone.Build.0 = Debug|Any CPU
		{5FCE8557-C6CD-41EE-8E0D-EBDFB42EB7A4}.AppStore|iPhoneSimulator.ActiveCfg = Debug|Any CPU
		{5FCE8557-C6CD-41EE-8E0D-EBDFB42EB7A4}.AppStore|iPhoneSimulator.Build.0 = Debug|Any CPU
		{5FCE8557-C6CD-41EE-8E0D-EBDFB42EB7A4}.AppStore|x64.ActiveCfg = Debug|Any CPU
		{5FCE8557-C6CD-41EE-8E0D-EBDFB42EB7A4}.AppStore|x64.Build.0 = Debug|Any CPU
		{5FCE8557-C6CD-41EE-8E0D-EBDFB42EB7A4}.AppStore|x86.ActiveCfg = Debug|Any CPU
		{5FCE8557-C6CD-41EE-8E0D-EBDFB42EB7A4}.AppStore|x86.Build.0 = Debug|Any CPU
		{5FCE8557-C6CD-41EE-8E0D-EBDFB42EB7A4}.Debug|Any CPU.ActiveCfg = Debug|Any CPU
		{5FCE8557-C6CD-41EE-8E0D-EBDFB42EB7A4}.Debug|Any CPU.Build.0 = Debug|Any CPU
		{5FCE8557-C6CD-41EE-8E0D-EBDFB42EB7A4}.Debug|ARM.ActiveCfg = Debug|Any CPU
		{5FCE8557-C6CD-41EE-8E0D-EBDFB42EB7A4}.Debug|ARM.Build.0 = Debug|Any CPU
		{5FCE8557-C6CD-41EE-8E0D-EBDFB42EB7A4}.Debug|iPhone.ActiveCfg = Debug|Any CPU
		{5FCE8557-C6CD-41EE-8E0D-EBDFB42EB7A4}.Debug|iPhone.Build.0 = Debug|Any CPU
		{5FCE8557-C6CD-41EE-8E0D-EBDFB42EB7A4}.Debug|iPhoneSimulator.ActiveCfg = Debug|Any CPU
		{5FCE8557-C6CD-41EE-8E0D-EBDFB42EB7A4}.Debug|iPhoneSimulator.Build.0 = Debug|Any CPU
		{5FCE8557-C6CD-41EE-8E0D-EBDFB42EB7A4}.Debug|x64.ActiveCfg = Debug|Any CPU
		{5FCE8557-C6CD-41EE-8E0D-EBDFB42EB7A4}.Debug|x64.Build.0 = Debug|Any CPU
		{5FCE8557-C6CD-41EE-8E0D-EBDFB42EB7A4}.Debug|x86.ActiveCfg = Debug|Any CPU
		{5FCE8557-C6CD-41EE-8E0D-EBDFB42EB7A4}.Debug|x86.Build.0 = Debug|Any CPU
		{5FCE8557-C6CD-41EE-8E0D-EBDFB42EB7A4}.Release|Any CPU.ActiveCfg = Release|Any CPU
		{5FCE8557-C6CD-41EE-8E0D-EBDFB42EB7A4}.Release|Any CPU.Build.0 = Release|Any CPU
		{5FCE8557-C6CD-41EE-8E0D-EBDFB42EB7A4}.Release|ARM.ActiveCfg = Release|Any CPU
		{5FCE8557-C6CD-41EE-8E0D-EBDFB42EB7A4}.Release|ARM.Build.0 = Release|Any CPU
		{5FCE8557-C6CD-41EE-8E0D-EBDFB42EB7A4}.Release|iPhone.ActiveCfg = Release|Any CPU
		{5FCE8557-C6CD-41EE-8E0D-EBDFB42EB7A4}.Release|iPhone.Build.0 = Release|Any CPU
		{5FCE8557-C6CD-41EE-8E0D-EBDFB42EB7A4}.Release|iPhoneSimulator.ActiveCfg = Release|Any CPU
		{5FCE8557-C6CD-41EE-8E0D-EBDFB42EB7A4}.Release|iPhoneSimulator.Build.0 = Release|Any CPU
		{5FCE8557-C6CD-41EE-8E0D-EBDFB42EB7A4}.Release|x64.ActiveCfg = Release|Any CPU
		{5FCE8557-C6CD-41EE-8E0D-EBDFB42EB7A4}.Release|x64.Build.0 = Release|Any CPU
		{5FCE8557-C6CD-41EE-8E0D-EBDFB42EB7A4}.Release|x86.ActiveCfg = Release|Any CPU
		{5FCE8557-C6CD-41EE-8E0D-EBDFB42EB7A4}.Release|x86.Build.0 = Release|Any CPU
		{D27750D2-8334-4C57-A9FC-214325EF4D29}.Ad-Hoc|Any CPU.ActiveCfg = Debug|Any CPU
		{D27750D2-8334-4C57-A9FC-214325EF4D29}.Ad-Hoc|Any CPU.Build.0 = Debug|Any CPU
		{D27750D2-8334-4C57-A9FC-214325EF4D29}.Ad-Hoc|ARM.ActiveCfg = Debug|Any CPU
		{D27750D2-8334-4C57-A9FC-214325EF4D29}.Ad-Hoc|ARM.Build.0 = Debug|Any CPU
		{D27750D2-8334-4C57-A9FC-214325EF4D29}.Ad-Hoc|iPhone.ActiveCfg = Debug|Any CPU
		{D27750D2-8334-4C57-A9FC-214325EF4D29}.Ad-Hoc|iPhone.Build.0 = Debug|Any CPU
		{D27750D2-8334-4C57-A9FC-214325EF4D29}.Ad-Hoc|iPhoneSimulator.ActiveCfg = Debug|Any CPU
		{D27750D2-8334-4C57-A9FC-214325EF4D29}.Ad-Hoc|iPhoneSimulator.Build.0 = Debug|Any CPU
		{D27750D2-8334-4C57-A9FC-214325EF4D29}.Ad-Hoc|x64.ActiveCfg = Debug|Any CPU
		{D27750D2-8334-4C57-A9FC-214325EF4D29}.Ad-Hoc|x64.Build.0 = Debug|Any CPU
		{D27750D2-8334-4C57-A9FC-214325EF4D29}.Ad-Hoc|x86.ActiveCfg = Debug|Any CPU
		{D27750D2-8334-4C57-A9FC-214325EF4D29}.Ad-Hoc|x86.Build.0 = Debug|Any CPU
		{D27750D2-8334-4C57-A9FC-214325EF4D29}.AppStore|Any CPU.ActiveCfg = Debug|Any CPU
		{D27750D2-8334-4C57-A9FC-214325EF4D29}.AppStore|Any CPU.Build.0 = Debug|Any CPU
		{D27750D2-8334-4C57-A9FC-214325EF4D29}.AppStore|ARM.ActiveCfg = Debug|Any CPU
		{D27750D2-8334-4C57-A9FC-214325EF4D29}.AppStore|ARM.Build.0 = Debug|Any CPU
		{D27750D2-8334-4C57-A9FC-214325EF4D29}.AppStore|iPhone.ActiveCfg = Debug|Any CPU
		{D27750D2-8334-4C57-A9FC-214325EF4D29}.AppStore|iPhone.Build.0 = Debug|Any CPU
		{D27750D2-8334-4C57-A9FC-214325EF4D29}.AppStore|iPhoneSimulator.ActiveCfg = Debug|Any CPU
		{D27750D2-8334-4C57-A9FC-214325EF4D29}.AppStore|iPhoneSimulator.Build.0 = Debug|Any CPU
		{D27750D2-8334-4C57-A9FC-214325EF4D29}.AppStore|x64.ActiveCfg = Debug|Any CPU
		{D27750D2-8334-4C57-A9FC-214325EF4D29}.AppStore|x64.Build.0 = Debug|Any CPU
		{D27750D2-8334-4C57-A9FC-214325EF4D29}.AppStore|x86.ActiveCfg = Debug|Any CPU
		{D27750D2-8334-4C57-A9FC-214325EF4D29}.AppStore|x86.Build.0 = Debug|Any CPU
		{D27750D2-8334-4C57-A9FC-214325EF4D29}.Debug|Any CPU.ActiveCfg = Debug|Any CPU
		{D27750D2-8334-4C57-A9FC-214325EF4D29}.Debug|Any CPU.Build.0 = Debug|Any CPU
		{D27750D2-8334-4C57-A9FC-214325EF4D29}.Debug|ARM.ActiveCfg = Debug|Any CPU
		{D27750D2-8334-4C57-A9FC-214325EF4D29}.Debug|ARM.Build.0 = Debug|Any CPU
		{D27750D2-8334-4C57-A9FC-214325EF4D29}.Debug|iPhone.ActiveCfg = Debug|Any CPU
		{D27750D2-8334-4C57-A9FC-214325EF4D29}.Debug|iPhone.Build.0 = Debug|Any CPU
		{D27750D2-8334-4C57-A9FC-214325EF4D29}.Debug|iPhoneSimulator.ActiveCfg = Debug|Any CPU
		{D27750D2-8334-4C57-A9FC-214325EF4D29}.Debug|iPhoneSimulator.Build.0 = Debug|Any CPU
		{D27750D2-8334-4C57-A9FC-214325EF4D29}.Debug|x64.ActiveCfg = Debug|Any CPU
		{D27750D2-8334-4C57-A9FC-214325EF4D29}.Debug|x64.Build.0 = Debug|Any CPU
		{D27750D2-8334-4C57-A9FC-214325EF4D29}.Debug|x86.ActiveCfg = Debug|Any CPU
		{D27750D2-8334-4C57-A9FC-214325EF4D29}.Debug|x86.Build.0 = Debug|Any CPU
		{D27750D2-8334-4C57-A9FC-214325EF4D29}.Release|Any CPU.ActiveCfg = Release|Any CPU
		{D27750D2-8334-4C57-A9FC-214325EF4D29}.Release|Any CPU.Build.0 = Release|Any CPU
		{D27750D2-8334-4C57-A9FC-214325EF4D29}.Release|ARM.ActiveCfg = Release|Any CPU
		{D27750D2-8334-4C57-A9FC-214325EF4D29}.Release|ARM.Build.0 = Release|Any CPU
		{D27750D2-8334-4C57-A9FC-214325EF4D29}.Release|iPhone.ActiveCfg = Release|Any CPU
		{D27750D2-8334-4C57-A9FC-214325EF4D29}.Release|iPhone.Build.0 = Release|Any CPU
		{D27750D2-8334-4C57-A9FC-214325EF4D29}.Release|iPhoneSimulator.ActiveCfg = Release|Any CPU
		{D27750D2-8334-4C57-A9FC-214325EF4D29}.Release|iPhoneSimulator.Build.0 = Release|Any CPU
		{D27750D2-8334-4C57-A9FC-214325EF4D29}.Release|x64.ActiveCfg = Release|Any CPU
		{D27750D2-8334-4C57-A9FC-214325EF4D29}.Release|x64.Build.0 = Release|Any CPU
		{D27750D2-8334-4C57-A9FC-214325EF4D29}.Release|x86.ActiveCfg = Release|Any CPU
		{D27750D2-8334-4C57-A9FC-214325EF4D29}.Release|x86.Build.0 = Release|Any CPU
	EndGlobalSection
	GlobalSection(SolutionProperties) = preSolution
		HideSolutionNode = FALSE
	EndGlobalSection
	GlobalSection(ExtensibilityGlobals) = postSolution
		SolutionGuid = {F072210A-C7D1-4369-BC4B-30274ED6E4EC}
	EndGlobalSection
EndGlobal
